
Microsoft Visual Studio Solution File, Format Version 12.00
# Visual Studio 15
VisualStudioVersion = 15.0.28307.329
MinimumVisualStudioVersion = 10.0.40219.1
Project("{FAE04EC0-301F-11D3-BF4B-00C04F79EFBC}") = "Euler", "Euler\Euler.csproj", "{F772B870-93A3-4997-8359-0B13075874FA}"
EndProject
Global
	GlobalSection(SolutionConfigurationPlatforms) = preSolution
		Debug|Any CPU = Debug|Any CPU
		Release|Any CPU = Release|Any CPU
	EndGlobalSection
	GlobalSection(ProjectConfigurationPlatforms) = postSolution
		{F772B870-93A3-4997-8359-0B13075874FA}.Debug|Any CPU.ActiveCfg = Debug|Any CPU
		{F772B870-93A3-4997-8359-0B13075874FA}.Debug|Any CPU.Build.0 = Debug|Any CPU
		{F772B870-93A3-4997-8359-0B13075874FA}.Release|Any CPU.ActiveCfg = Release|Any CPU
		{F772B870-93A3-4997-8359-0B13075874FA}.Release|Any CPU.Build.0 = Release|Any CPU
	EndGlobalSection
	GlobalSection(SolutionProperties) = preSolution
		HideSolutionNode = FALSE
	EndGlobalSection
	GlobalSection(ExtensibilityGlobals) = postSolution
		SolutionGuid = {0AFD0060-00F6-40E4-9066-37961E386F64}
	EndGlobalSection
EndGlobal
